
Microsoft Visual Studio Solution File, Format Version 12.00
# Visual Studio 15
VisualStudioVersion = 15.0.28307.421
MinimumVisualStudioVersion = 10.0.40219.1
Project("{9A19103F-16F7-4668-BE54-9A1E7A4F7556}") = "transcriber_api", "transcriber_api.csproj", "{A6E08625-7B0C-4BD4-BD4E-2C77F30A1F27}"
EndProject
Project("{9A19103F-16F7-4668-BE54-9A1E7A4F7556}") = "SIL.XForge", "..\web-languageforge\src\SIL.XForge\SIL.XForge.csproj", "{7D554289-DF0D-494B-A9C8-9C1D55D7C2A1}"
EndProject
Global
	GlobalSection(SolutionConfigurationPlatforms) = preSolution
		Debug|Any CPU = Debug|Any CPU
		Release|Any CPU = Release|Any CPU
	EndGlobalSection
	GlobalSection(ProjectConfigurationPlatforms) = postSolution
		{A6E08625-7B0C-4BD4-BD4E-2C77F30A1F27}.Debug|Any CPU.ActiveCfg = Debug|Any CPU
		{A6E08625-7B0C-4BD4-BD4E-2C77F30A1F27}.Debug|Any CPU.Build.0 = Debug|Any CPU
		{A6E08625-7B0C-4BD4-BD4E-2C77F30A1F27}.Release|Any CPU.ActiveCfg = Release|Any CPU
		{A6E08625-7B0C-4BD4-BD4E-2C77F30A1F27}.Release|Any CPU.Build.0 = Release|Any CPU
		{7D554289-DF0D-494B-A9C8-9C1D55D7C2A1}.Debug|Any CPU.ActiveCfg = Debug|Any CPU
		{7D554289-DF0D-494B-A9C8-9C1D55D7C2A1}.Debug|Any CPU.Build.0 = Debug|Any CPU
		{7D554289-DF0D-494B-A9C8-9C1D55D7C2A1}.Release|Any CPU.ActiveCfg = Release|Any CPU
		{7D554289-DF0D-494B-A9C8-9C1D55D7C2A1}.Release|Any CPU.Build.0 = Release|Any CPU
	EndGlobalSection
	GlobalSection(SolutionProperties) = preSolution
		HideSolutionNode = FALSE
	EndGlobalSection
	GlobalSection(ExtensibilityGlobals) = postSolution
		SolutionGuid = {6FCD8E2F-59BC-43D5-B120-0524B8107132}
	EndGlobalSection
EndGlobal
